
Microsoft Visual Studio Solution File, Format Version 12.00
# Visual Studio 16
Project("{FAE04EC0-301F-11D3-BF4B-00C04F79EFBC}") = "Assembly-CSharp", "Assembly-CSharp.csproj", "{35B0F82E-57AD-7F9E-F789-F188284EBC5B}"
EndProject
Project("{FAE04EC0-301F-11D3-BF4B-00C04F79EFBC}") = "Assembly-CSharp-Editor", "Assembly-CSharp-Editor.csproj", "{276DFB26-4386-DFCF-B36B-08E191486748}"
EndProject
Global
	GlobalSection(SolutionConfigurationPlatforms) = preSolution
		Debug|Any CPU = Debug|Any CPU
		Release|Any CPU = Release|Any CPU
	EndGlobalSection
	GlobalSection(ProjectConfigurationPlatforms) = postSolution
		{35B0F82E-57AD-7F9E-F789-F188284EBC5B}.Debug|Any CPU.ActiveCfg = Debug|Any CPU
		{35B0F82E-57AD-7F9E-F789-F188284EBC5B}.Debug|Any CPU.Build.0 = Debug|Any CPU
		{35B0F82E-57AD-7F9E-F789-F188284EBC5B}.Release|Any CPU.ActiveCfg = Release|Any CPU
		{35B0F82E-57AD-7F9E-F789-F188284EBC5B}.Release|Any CPU.Build.0 = Release|Any CPU
		{276DFB26-4386-DFCF-B36B-08E191486748}.Debug|Any CPU.ActiveCfg = Debug|Any CPU
		{276DFB26-4386-DFCF-B36B-08E191486748}.Debug|Any CPU.Build.0 = Debug|Any CPU
		{276DFB26-4386-DFCF-B36B-08E191486748}.Release|Any CPU.ActiveCfg = Release|Any CPU
		{276DFB26-4386-DFCF-B36B-08E191486748}.Release|Any CPU.Build.0 = Release|Any CPU
	EndGlobalSection
	GlobalSection(SolutionProperties) = preSolution
		HideSolutionNode = FALSE
	EndGlobalSection
	GlobalSection(MonoDevelopProperties) = preSolution
		StartupItem = Assembly-CSharp.csproj
	EndGlobalSection
EndGlobal
